// !$*UTF8*$!
{
	archiveVersion = 1;
	classes = {
	};
	objectVersion = 56;
	objects = {

/* Begin PBXBuildFile section */
		BE19257F2A696CBD000701DD /* VocalTypeTestResultView.swift in Sources */ = {isa = PBXBuildFile; fileRef = BE19257E2A696CBD000701DD /* VocalTypeTestResultView.swift */; };
		BE1925812A697906000701DD /* ImagePicker.swift in Sources */ = {isa = PBXBuildFile; fileRef = BE1925802A697906000701DD /* ImagePicker.swift */; };
		BE1925832A697A13000701DD /* SongRecomendationView.swift in Sources */ = {isa = PBXBuildFile; fileRef = BE1925822A697A13000701DD /* SongRecomendationView.swift */; };
		BE3C02372A6D313F0028016C /* SongRecomendationShareView.swift in Sources */ = {isa = PBXBuildFile; fileRef = BE3C02362A6D313F0028016C /* SongRecomendationShareView.swift */; };
		BE5A0D642A717F12001BFA70 /* Assets.xcassets in Resources */ = {isa = PBXBuildFile; fileRef = BE5A0D632A717F12001BFA70 /* Assets.xcassets */; };
		BE647D512A652C340013185A /* singlApp.swift in Sources */ = {isa = PBXBuildFile; fileRef = BE647D502A652C340013185A /* singlApp.swift */; };
		BE647D532A652C340013185A /* ContentView.swift in Sources */ = {isa = PBXBuildFile; fileRef = BE647D522A652C340013185A /* ContentView.swift */; };
		BE647D602A652C830013185A /* AudioKit in Frameworks */ = {isa = PBXBuildFile; productRef = BE647D5F2A652C830013185A /* AudioKit */; };
		BE647D632A652C9F0013185A /* SoundpipeAudioKit in Frameworks */ = {isa = PBXBuildFile; productRef = BE647D622A652C9F0013185A /* SoundpipeAudioKit */; };
		BE647D662A652CB30013185A /* AudioKitUI in Frameworks */ = {isa = PBXBuildFile; productRef = BE647D652A652CB30013185A /* AudioKitUI */; };
		BE647D692A652CBE0013185A /* AudioKitEX in Frameworks */ = {isa = PBXBuildFile; productRef = BE647D682A652CBE0013185A /* AudioKitEX */; };
		BE6960902A6FDC4A00E80386 /* PingView.swift in Sources */ = {isa = PBXBuildFile; fileRef = BE69608F2A6FDC4A00E80386 /* PingView.swift */; };
		BEC5D88C2A66739F00725CCD /* TunerManager.swift in Sources */ = {isa = PBXBuildFile; fileRef = BEC5D88B2A66739F00725CCD /* TunerManager.swift */; };
		BEC5D88E2A6673B500725CCD /* SplashView.swift in Sources */ = {isa = PBXBuildFile; fileRef = BEC5D88D2A6673B500725CCD /* SplashView.swift */; };
		BEC5D8902A6673D400725CCD /* Sounds in Resources */ = {isa = PBXBuildFile; fileRef = BEC5D88F2A6673D400725CCD /* Sounds */; };
		BEC5D8922A6674A000725CCD /* UseHeadphonesViews.swift in Sources */ = {isa = PBXBuildFile; fileRef = BEC5D8912A6674A000725CCD /* UseHeadphonesViews.swift */; };
		BEC5D8942A6674A600725CCD /* HomeView.swift in Sources */ = {isa = PBXBuildFile; fileRef = BEC5D8932A6674A600725CCD /* HomeView.swift */; };
		BEC5D8962A66754F00725CCD /* TunerModel.swift in Sources */ = {isa = PBXBuildFile; fileRef = BEC5D8952A66754F00725CCD /* TunerModel.swift */; };
		BEC5D8982A6675AC00725CCD /* EndpointModel.swift in Sources */ = {isa = PBXBuildFile; fileRef = BEC5D8972A6675AC00725CCD /* EndpointModel.swift */; };
		BEC5D89A2A6676CC00725CCD /* TaskManager.swift in Sources */ = {isa = PBXBuildFile; fileRef = BEC5D8992A6676CB00725CCD /* TaskManager.swift */; };
		BEC5D89C2A667A3100725CCD /* VocalTypeTestView.swift in Sources */ = {isa = PBXBuildFile; fileRef = BEC5D89B2A667A3100725CCD /* VocalTypeTestView.swift */; };
		BEC5D89E2A667A7D00725CCD /* AudioManager.swift in Sources */ = {isa = PBXBuildFile; fileRef = BEC5D89D2A667A7D00725CCD /* AudioManager.swift */; };
		BEC5D8A02A667D5B00725CCD /* VocalRangesTestView.swift in Sources */ = {isa = PBXBuildFile; fileRef = BEC5D89F2A667D5B00725CCD /* VocalRangesTestView.swift */; };
		BEC5D8A22A667D6100725CCD /* VocalRangesTestResultView.swift in Sources */ = {isa = PBXBuildFile; fileRef = BEC5D8A12A667D6100725CCD /* VocalRangesTestResultView.swift */; };
		BEC5D8A42A668A1A00725CCD /* DashboardView.swift in Sources */ = {isa = PBXBuildFile; fileRef = BEC5D8A32A668A1A00725CCD /* DashboardView.swift */; };
		BEC5D8A82A668A2B00725CCD /* SongConverterView.swift in Sources */ = {isa = PBXBuildFile; fileRef = BEC5D8A72A668A2B00725CCD /* SongConverterView.swift */; };
		BEC5D8AA2A668B3100725CCD /* TaskModel.swift in Sources */ = {isa = PBXBuildFile; fileRef = BEC5D8A92A668B3100725CCD /* TaskModel.swift */; };
		BEC5D8AD2A6695A000725CCD /* AmpVisualizerView.swift in Sources */ = {isa = PBXBuildFile; fileRef = BEC5D8AC2A6695A000725CCD /* AmpVisualizerView.swift */; };
		BEC5D8AF2A6698AE00725CCD /* GetStartedView.swift in Sources */ = {isa = PBXBuildFile; fileRef = BEC5D8AE2A6698AE00725CCD /* GetStartedView.swift */; };
		BED2D7432A6A7B2500C033DB /* Keyboard in Frameworks */ = {isa = PBXBuildFile; productRef = BED2D7422A6A7B2500C033DB /* Keyboard */; };
		BED2D7452A6A7B9400C033DB /* TunerView.swift in Sources */ = {isa = PBXBuildFile; fileRef = BED2D7442A6A7B9400C033DB /* TunerView.swift */; };
		BED2D7472A6A7D8800C033DB /* PianoManager.swift in Sources */ = {isa = PBXBuildFile; fileRef = BED2D7462A6A7D8800C033DB /* PianoManager.swift */; };
		BEFA55CC2A66D86A0034C48A /* MusicManager.swift in Sources */ = {isa = PBXBuildFile; fileRef = BEFA55CB2A66D86A0034C48A /* MusicManager.swift */; };
		BEFA55CE2A66DAB90034C48A /* MusicModel.swift in Sources */ = {isa = PBXBuildFile; fileRef = BEFA55CD2A66DAB90034C48A /* MusicModel.swift */; };
		BEFA55D02A66E70D0034C48A /* ShimmerView.swift in Sources */ = {isa = PBXBuildFile; fileRef = BEFA55CF2A66E70D0034C48A /* ShimmerView.swift */; };
/* End PBXBuildFile section */

/* Begin PBXFileReference section */
		BE19257E2A696CBD000701DD /* VocalTypeTestResultView.swift */ = {isa = PBXFileReference; lastKnownFileType = sourcecode.swift; path = VocalTypeTestResultView.swift; sourceTree = "<group>"; };
		BE1925802A697906000701DD /* ImagePicker.swift */ = {isa = PBXFileReference; lastKnownFileType = sourcecode.swift; path = ImagePicker.swift; sourceTree = "<group>"; };
		BE1925822A697A13000701DD /* SongRecomendationView.swift */ = {isa = PBXFileReference; lastKnownFileType = sourcecode.swift; path = SongRecomendationView.swift; sourceTree = "<group>"; };
		BE3C02362A6D313F0028016C /* SongRecomendationShareView.swift */ = {isa = PBXFileReference; lastKnownFileType = sourcecode.swift; path = SongRecomendationShareView.swift; sourceTree = "<group>"; };
		BE5A0D612A716EBE001BFA70 /* Preview Assets.xcassets */ = {isa = PBXFileReference; lastKnownFileType = folder.assetcatalog; path = "Preview Assets.xcassets"; sourceTree = "<group>"; };
		BE5A0D632A717F12001BFA70 /* Assets.xcassets */ = {isa = PBXFileReference; lastKnownFileType = folder.assetcatalog; path = Assets.xcassets; sourceTree = "<group>"; };
		BE647D4D2A652C340013185A /* singl.app */ = {isa = PBXFileReference; explicitFileType = wrapper.application; includeInIndex = 0; path = singl.app; sourceTree = BUILT_PRODUCTS_DIR; };
		BE647D502A652C340013185A /* singlApp.swift */ = {isa = PBXFileReference; lastKnownFileType = sourcecode.swift; path = singlApp.swift; sourceTree = "<group>"; };
		BE647D522A652C340013185A /* ContentView.swift */ = {isa = PBXFileReference; lastKnownFileType = sourcecode.swift; path = ContentView.swift; sourceTree = "<group>"; };
		BE69608F2A6FDC4A00E80386 /* PingView.swift */ = {isa = PBXFileReference; lastKnownFileType = sourcecode.swift; path = PingView.swift; sourceTree = "<group>"; };
		BEC5D88B2A66739F00725CCD /* TunerManager.swift */ = {isa = PBXFileReference; lastKnownFileType = sourcecode.swift; path = TunerManager.swift; sourceTree = "<group>"; };
		BEC5D88D2A6673B500725CCD /* SplashView.swift */ = {isa = PBXFileReference; lastKnownFileType = sourcecode.swift; path = SplashView.swift; sourceTree = "<group>"; };
		BEC5D88F2A6673D400725CCD /* Sounds */ = {isa = PBXFileReference; lastKnownFileType = folder; path = Sounds; sourceTree = "<group>"; };
		BEC5D8912A6674A000725CCD /* UseHeadphonesViews.swift */ = {isa = PBXFileReference; lastKnownFileType = sourcecode.swift; path = UseHeadphonesViews.swift; sourceTree = "<group>"; };
		BEC5D8932A6674A600725CCD /* HomeView.swift */ = {isa = PBXFileReference; lastKnownFileType = sourcecode.swift; path = HomeView.swift; sourceTree = "<group>"; };
		BEC5D8952A66754F00725CCD /* TunerModel.swift */ = {isa = PBXFileReference; lastKnownFileType = sourcecode.swift; path = TunerModel.swift; sourceTree = "<group>"; };
		BEC5D8972A6675AC00725CCD /* EndpointModel.swift */ = {isa = PBXFileReference; lastKnownFileType = sourcecode.swift; path = EndpointModel.swift; sourceTree = "<group>"; };
		BEC5D8992A6676CB00725CCD /* TaskManager.swift */ = {isa = PBXFileReference; lastKnownFileType = sourcecode.swift; path = TaskManager.swift; sourceTree = "<group>"; };
		BEC5D89B2A667A3100725CCD /* VocalTypeTestView.swift */ = {isa = PBXFileReference; lastKnownFileType = sourcecode.swift; path = VocalTypeTestView.swift; sourceTree = "<group>"; };
		BEC5D89D2A667A7D00725CCD /* AudioManager.swift */ = {isa = PBXFileReference; lastKnownFileType = sourcecode.swift; path = AudioManager.swift; sourceTree = "<group>"; };
		BEC5D89F2A667D5B00725CCD /* VocalRangesTestView.swift */ = {isa = PBXFileReference; lastKnownFileType = sourcecode.swift; path = VocalRangesTestView.swift; sourceTree = "<group>"; };
		BEC5D8A12A667D6100725CCD /* VocalRangesTestResultView.swift */ = {isa = PBXFileReference; lastKnownFileType = sourcecode.swift; path = VocalRangesTestResultView.swift; sourceTree = "<group>"; };
		BEC5D8A32A668A1A00725CCD /* DashboardView.swift */ = {isa = PBXFileReference; lastKnownFileType = sourcecode.swift; path = DashboardView.swift; sourceTree = "<group>"; };
		BEC5D8A72A668A2B00725CCD /* SongConverterView.swift */ = {isa = PBXFileReference; lastKnownFileType = sourcecode.swift; path = SongConverterView.swift; sourceTree = "<group>"; };
		BEC5D8A92A668B3100725CCD /* TaskModel.swift */ = {isa = PBXFileReference; lastKnownFileType = sourcecode.swift; path = TaskModel.swift; sourceTree = "<group>"; };
		BEC5D8AB2A6693FA00725CCD /* Info.plist */ = {isa = PBXFileReference; lastKnownFileType = text.plist; path = Info.plist; sourceTree = "<group>"; };
		BEC5D8AC2A6695A000725CCD /* AmpVisualizerView.swift */ = {isa = PBXFileReference; lastKnownFileType = sourcecode.swift; path = AmpVisualizerView.swift; sourceTree = "<group>"; };
		BEC5D8AE2A6698AE00725CCD /* GetStartedView.swift */ = {isa = PBXFileReference; lastKnownFileType = sourcecode.swift; path = GetStartedView.swift; sourceTree = "<group>"; };
		BED2D73E2A6A7A6F00C033DB /* singl.entitlements */ = {isa = PBXFileReference; lastKnownFileType = text.plist.entitlements; path = singl.entitlements; sourceTree = "<group>"; };
		BED2D7442A6A7B9400C033DB /* TunerView.swift */ = {isa = PBXFileReference; lastKnownFileType = sourcecode.swift; path = TunerView.swift; sourceTree = "<group>"; };
		BED2D7462A6A7D8800C033DB /* PianoManager.swift */ = {isa = PBXFileReference; lastKnownFileType = sourcecode.swift; path = PianoManager.swift; sourceTree = "<group>"; };
		BEFA55CB2A66D86A0034C48A /* MusicManager.swift */ = {isa = PBXFileReference; lastKnownFileType = sourcecode.swift; path = MusicManager.swift; sourceTree = "<group>"; };
		BEFA55CD2A66DAB90034C48A /* MusicModel.swift */ = {isa = PBXFileReference; lastKnownFileType = sourcecode.swift; path = MusicModel.swift; sourceTree = "<group>"; };
		BEFA55CF2A66E70D0034C48A /* ShimmerView.swift */ = {isa = PBXFileReference; lastKnownFileType = sourcecode.swift; path = ShimmerView.swift; sourceTree = "<group>"; };
/* End PBXFileReference section */

/* Begin PBXFrameworksBuildPhase section */
		BE647D4A2A652C340013185A /* Frameworks */ = {
			isa = PBXFrameworksBuildPhase;
			buildActionMask = 2147483647;
			files = (
				BE647D632A652C9F0013185A /* SoundpipeAudioKit in Frameworks */,
				BE647D692A652CBE0013185A /* AudioKitEX in Frameworks */,
				BED2D7432A6A7B2500C033DB /* Keyboard in Frameworks */,
				BE647D662A652CB30013185A /* AudioKitUI in Frameworks */,
				BE647D602A652C830013185A /* AudioKit in Frameworks */,
			);
			runOnlyForDeploymentPostprocessing = 0;
		};
/* End PBXFrameworksBuildPhase section */

/* Begin PBXGroup section */
		BE647D442A652C340013185A = {
			isa = PBXGroup;
			children = (
				BEC5D88F2A6673D400725CCD /* Sounds */,
				BE647D4F2A652C340013185A /* singl */,
				BE647D4E2A652C340013185A /* Products */,
			);
			sourceTree = "<group>";
		};
		BE647D4E2A652C340013185A /* Products */ = {
			isa = PBXGroup;
			children = (
				BE647D4D2A652C340013185A /* singl.app */,
			);
			name = Products;
			sourceTree = "<group>";
		};
		BE647D4F2A652C340013185A /* singl */ = {
			isa = PBXGroup;
			children = (
				BED2D73E2A6A7A6F00C033DB /* singl.entitlements */,
				BEC5D8AB2A6693FA00725CCD /* Info.plist */,
				BE647D502A652C340013185A /* singlApp.swift */,
				BEC5D8882A66725000725CCD /* Model */,
				BEC5D8892A66726500725CCD /* ViewModel */,
				BEC5D88A2A66727300725CCD /* View */,
				BE647D562A652C350013185A /* Preview Content */,
			);
			path = singl;
			sourceTree = "<group>";
		};
		BE647D562A652C350013185A /* Preview Content */ = {
			isa = PBXGroup;
			children = (
				BE5A0D632A717F12001BFA70 /* Assets.xcassets */,
				BE5A0D612A716EBE001BFA70 /* Preview Assets.xcassets */,
			);
			path = "Preview Content";
			sourceTree = "<group>";
		};
		BEC5D8882A66725000725CCD /* Model */ = {
			isa = PBXGroup;
			children = (
				BEC5D8952A66754F00725CCD /* TunerModel.swift */,
				BEC5D8972A6675AC00725CCD /* EndpointModel.swift */,
				BEFA55CD2A66DAB90034C48A /* MusicModel.swift */,
				BEC5D8A92A668B3100725CCD /* TaskModel.swift */,
			);
			path = Model;
			sourceTree = "<group>";
		};
		BEC5D8892A66726500725CCD /* ViewModel */ = {
			isa = PBXGroup;
			children = (
				BEC5D88B2A66739F00725CCD /* TunerManager.swift */,
				BEFA55CB2A66D86A0034C48A /* MusicManager.swift */,
				BEC5D89D2A667A7D00725CCD /* AudioManager.swift */,
				BEC5D8992A6676CB00725CCD /* TaskManager.swift */,
				BED2D7462A6A7D8800C033DB /* PianoManager.swift */,
			);
			path = ViewModel;
			sourceTree = "<group>";
		};
		BEC5D88A2A66727300725CCD /* View */ = {
			isa = PBXGroup;
			children = (
				BEC5D88D2A6673B500725CCD /* SplashView.swift */,
				BEC5D8AE2A6698AE00725CCD /* GetStartedView.swift */,
				BEC5D8912A6674A000725CCD /* UseHeadphonesViews.swift */,
				BEC5D89B2A667A3100725CCD /* VocalTypeTestView.swift */,
				BE19257E2A696CBD000701DD /* VocalTypeTestResultView.swift */,
				BEC5D8AC2A6695A000725CCD /* AmpVisualizerView.swift */,
				BEC5D89F2A667D5B00725CCD /* VocalRangesTestView.swift */,
				BEC5D8A12A667D6100725CCD /* VocalRangesTestResultView.swift */,
				BEC5D8932A6674A600725CCD /* HomeView.swift */,
				BE1925822A697A13000701DD /* SongRecomendationView.swift */,
				BE3C02362A6D313F0028016C /* SongRecomendationShareView.swift */,
				BEC5D8A72A668A2B00725CCD /* SongConverterView.swift */,
				BEC5D8A32A668A1A00725CCD /* DashboardView.swift */,
				BE1925802A697906000701DD /* ImagePicker.swift */,
				BEFA55CF2A66E70D0034C48A /* ShimmerView.swift */,
				BED2D7442A6A7B9400C033DB /* TunerView.swift */,
				BE69608F2A6FDC4A00E80386 /* PingView.swift */,
				BE647D522A652C340013185A /* ContentView.swift */,
			);
			path = View;
			sourceTree = "<group>";
		};
/* End PBXGroup section */

/* Begin PBXNativeTarget section */
		BE647D4C2A652C340013185A /* singl */ = {
			isa = PBXNativeTarget;
			buildConfigurationList = BE647D5B2A652C350013185A /* Build configuration list for PBXNativeTarget "singl" */;
			buildPhases = (
				BE647D492A652C340013185A /* Sources */,
				BE647D4A2A652C340013185A /* Frameworks */,
				BE647D4B2A652C340013185A /* Resources */,
			);
			buildRules = (
			);
			dependencies = (
			);
			name = singl;
			packageProductDependencies = (
				BE647D5F2A652C830013185A /* AudioKit */,
				BE647D622A652C9F0013185A /* SoundpipeAudioKit */,
				BE647D652A652CB30013185A /* AudioKitUI */,
				BE647D682A652CBE0013185A /* AudioKitEX */,
				BED2D7422A6A7B2500C033DB /* Keyboard */,
			);
			productName = singl;
			productReference = BE647D4D2A652C340013185A /* singl.app */;
			productType = "com.apple.product-type.application";
		};
/* End PBXNativeTarget section */

/* Begin PBXProject section */
		BE647D452A652C340013185A /* Project object */ = {
			isa = PBXProject;
			attributes = {
				BuildIndependentTargetsInParallel = 1;
				LastSwiftUpdateCheck = 1430;
				LastUpgradeCheck = 1430;
				TargetAttributes = {
					BE647D4C2A652C340013185A = {
						CreatedOnToolsVersion = 14.3;
					};
				};
			};
			buildConfigurationList = BE647D482A652C340013185A /* Build configuration list for PBXProject "singl" */;
			compatibilityVersion = "Xcode 14.0";
			developmentRegion = en;
			hasScannedForEncodings = 0;
			knownRegions = (
				en,
				Base,
			);
			mainGroup = BE647D442A652C340013185A;
			packageReferences = (
				BE647D5E2A652C830013185A /* XCRemoteSwiftPackageReference "AudioKit" */,
				BE647D612A652C9F0013185A /* XCRemoteSwiftPackageReference "SoundpipeAudioKit" */,
				BE647D642A652CB30013185A /* XCRemoteSwiftPackageReference "AudioKitUI" */,
				BE647D672A652CBE0013185A /* XCRemoteSwiftPackageReference "AudioKitEX" */,
				BED2D7412A6A7B2500C033DB /* XCRemoteSwiftPackageReference "Keyboard" */,
			);
			productRefGroup = BE647D4E2A652C340013185A /* Products */;
			projectDirPath = "";
			projectRoot = "";
			targets = (
				BE647D4C2A652C340013185A /* singl */,
			);
		};
/* End PBXProject section */

/* Begin PBXResourcesBuildPhase section */
		BE647D4B2A652C340013185A /* Resources */ = {
			isa = PBXResourcesBuildPhase;
			buildActionMask = 2147483647;
			files = (
				BE5A0D642A717F12001BFA70 /* Assets.xcassets in Resources */,
				BEC5D8902A6673D400725CCD /* Sounds in Resources */,
			);
			runOnlyForDeploymentPostprocessing = 0;
		};
/* End PBXResourcesBuildPhase section */

/* Begin PBXSourcesBuildPhase section */
		BE647D492A652C340013185A /* Sources */ = {
			isa = PBXSourcesBuildPhase;
			buildActionMask = 2147483647;
			files = (
				BE1925832A697A13000701DD /* SongRecomendationView.swift in Sources */,
				BED2D7472A6A7D8800C033DB /* PianoManager.swift in Sources */,
				BE3C02372A6D313F0028016C /* SongRecomendationShareView.swift in Sources */,
				BEC5D8982A6675AC00725CCD /* EndpointModel.swift in Sources */,
				BEC5D88C2A66739F00725CCD /* TunerManager.swift in Sources */,
				BE647D532A652C340013185A /* ContentView.swift in Sources */,
				BEC5D8A42A668A1A00725CCD /* DashboardView.swift in Sources */,
				BEC5D8962A66754F00725CCD /* TunerModel.swift in Sources */,
				BEC5D8A02A667D5B00725CCD /* VocalRangesTestView.swift in Sources */,
				BEC5D8AF2A6698AE00725CCD /* GetStartedView.swift in Sources */,
				BEFA55CE2A66DAB90034C48A /* MusicModel.swift in Sources */,
				BE19257F2A696CBD000701DD /* VocalTypeTestResultView.swift in Sources */,
				BEC5D8AD2A6695A000725CCD /* AmpVisualizerView.swift in Sources */,
				BEFA55CC2A66D86A0034C48A /* MusicManager.swift in Sources */,
				BEC5D8AA2A668B3100725CCD /* TaskModel.swift in Sources */,
				BEC5D8922A6674A000725CCD /* UseHeadphonesViews.swift in Sources */,
				BEC5D8942A6674A600725CCD /* HomeView.swift in Sources */,
				BEC5D89C2A667A3100725CCD /* VocalTypeTestView.swift in Sources */,
				BE6960902A6FDC4A00E80386 /* PingView.swift in Sources */,
				BE647D512A652C340013185A /* singlApp.swift in Sources */,
				BEFA55D02A66E70D0034C48A /* ShimmerView.swift in Sources */,
				BEC5D89A2A6676CC00725CCD /* TaskManager.swift in Sources */,
				BEC5D8A82A668A2B00725CCD /* SongConverterView.swift in Sources */,
				BEC5D89E2A667A7D00725CCD /* AudioManager.swift in Sources */,
				BE1925812A697906000701DD /* ImagePicker.swift in Sources */,
				BED2D7452A6A7B9400C033DB /* TunerView.swift in Sources */,
				BEC5D8A22A667D6100725CCD /* VocalRangesTestResultView.swift in Sources */,
				BEC5D88E2A6673B500725CCD /* SplashView.swift in Sources */,
			);
			runOnlyForDeploymentPostprocessing = 0;
		};
/* End PBXSourcesBuildPhase section */

/* Begin XCBuildConfiguration section */
		BE647D592A652C350013185A /* Debug */ = {
			isa = XCBuildConfiguration;
			buildSettings = {
				ALWAYS_SEARCH_USER_PATHS = NO;
				CLANG_ANALYZER_NONNULL = YES;
				CLANG_ANALYZER_NUMBER_OBJECT_CONVERSION = YES_AGGRESSIVE;
				CLANG_CXX_LANGUAGE_STANDARD = "gnu++20";
				CLANG_ENABLE_MODULES = YES;
				CLANG_ENABLE_OBJC_ARC = YES;
				CLANG_ENABLE_OBJC_WEAK = YES;
				CLANG_WARN_BLOCK_CAPTURE_AUTORELEASING = YES;
				CLANG_WARN_BOOL_CONVERSION = YES;
				CLANG_WARN_COMMA = YES;
				CLANG_WARN_CONSTANT_CONVERSION = YES;
				CLANG_WARN_DEPRECATED_OBJC_IMPLEMENTATIONS = YES;
				CLANG_WARN_DIRECT_OBJC_ISA_USAGE = YES_ERROR;
				CLANG_WARN_DOCUMENTATION_COMMENTS = YES;
				CLANG_WARN_EMPTY_BODY = YES;
				CLANG_WARN_ENUM_CONVERSION = YES;
				CLANG_WARN_INFINITE_RECURSION = YES;
				CLANG_WARN_INT_CONVERSION = YES;
				CLANG_WARN_NON_LITERAL_NULL_CONVERSION = YES;
				CLANG_WARN_OBJC_IMPLICIT_RETAIN_SELF = YES;
				CLANG_WARN_OBJC_LITERAL_CONVERSION = YES;
				CLANG_WARN_OBJC_ROOT_CLASS = YES_ERROR;
				CLANG_WARN_QUOTED_INCLUDE_IN_FRAMEWORK_HEADER = YES;
				CLANG_WARN_RANGE_LOOP_ANALYSIS = YES;
				CLANG_WARN_STRICT_PROTOTYPES = YES;
				CLANG_WARN_SUSPICIOUS_MOVE = YES;
				CLANG_WARN_UNGUARDED_AVAILABILITY = YES_AGGRESSIVE;
				CLANG_WARN_UNREACHABLE_CODE = YES;
				CLANG_WARN__DUPLICATE_METHOD_MATCH = YES;
				COPY_PHASE_STRIP = NO;
				DEBUG_INFORMATION_FORMAT = dwarf;
				ENABLE_STRICT_OBJC_MSGSEND = YES;
				ENABLE_TESTABILITY = YES;
				GCC_C_LANGUAGE_STANDARD = gnu11;
				GCC_DYNAMIC_NO_PIC = NO;
				GCC_NO_COMMON_BLOCKS = YES;
				GCC_OPTIMIZATION_LEVEL = 0;
				GCC_PREPROCESSOR_DEFINITIONS = (
					"DEBUG=1",
					"$(inherited)",
				);
				GCC_WARN_64_TO_32_BIT_CONVERSION = YES;
				GCC_WARN_ABOUT_RETURN_TYPE = YES_ERROR;
				GCC_WARN_UNDECLARED_SELECTOR = YES;
				GCC_WARN_UNINITIALIZED_AUTOS = YES_AGGRESSIVE;
				GCC_WARN_UNUSED_FUNCTION = YES;
				GCC_WARN_UNUSED_VARIABLE = YES;
				IPHONEOS_DEPLOYMENT_TARGET = 16.4;
				MTL_ENABLE_DEBUG_INFO = INCLUDE_SOURCE;
				MTL_FAST_MATH = YES;
				ONLY_ACTIVE_ARCH = YES;
				SDKROOT = iphoneos;
				SWIFT_ACTIVE_COMPILATION_CONDITIONS = DEBUG;
				SWIFT_OPTIMIZATION_LEVEL = "-Onone";
			};
			name = Debug;
		};
		BE647D5A2A652C350013185A /* Release */ = {
			isa = XCBuildConfiguration;
			buildSettings = {
				ALWAYS_SEARCH_USER_PATHS = NO;
				CLANG_ANALYZER_NONNULL = YES;
				CLANG_ANALYZER_NUMBER_OBJECT_CONVERSION = YES_AGGRESSIVE;
				CLANG_CXX_LANGUAGE_STANDARD = "gnu++20";
				CLANG_ENABLE_MODULES = YES;
				CLANG_ENABLE_OBJC_ARC = YES;
				CLANG_ENABLE_OBJC_WEAK = YES;
				CLANG_WARN_BLOCK_CAPTURE_AUTORELEASING = YES;
				CLANG_WARN_BOOL_CONVERSION = YES;
				CLANG_WARN_COMMA = YES;
				CLANG_WARN_CONSTANT_CONVERSION = YES;
				CLANG_WARN_DEPRECATED_OBJC_IMPLEMENTATIONS = YES;
				CLANG_WARN_DIRECT_OBJC_ISA_USAGE = YES_ERROR;
				CLANG_WARN_DOCUMENTATION_COMMENTS = YES;
				CLANG_WARN_EMPTY_BODY = YES;
				CLANG_WARN_ENUM_CONVERSION = YES;
				CLANG_WARN_INFINITE_RECURSION = YES;
				CLANG_WARN_INT_CONVERSION = YES;
				CLANG_WARN_NON_LITERAL_NULL_CONVERSION = YES;
				CLANG_WARN_OBJC_IMPLICIT_RETAIN_SELF = YES;
				CLANG_WARN_OBJC_LITERAL_CONVERSION = YES;
				CLANG_WARN_OBJC_ROOT_CLASS = YES_ERROR;
				CLANG_WARN_QUOTED_INCLUDE_IN_FRAMEWORK_HEADER = YES;
				CLANG_WARN_RANGE_LOOP_ANALYSIS = YES;
				CLANG_WARN_STRICT_PROTOTYPES = YES;
				CLANG_WARN_SUSPICIOUS_MOVE = YES;
				CLANG_WARN_UNGUARDED_AVAILABILITY = YES_AGGRESSIVE;
				CLANG_WARN_UNREACHABLE_CODE = YES;
				CLANG_WARN__DUPLICATE_METHOD_MATCH = YES;
				COPY_PHASE_STRIP = NO;
				DEBUG_INFORMATION_FORMAT = "dwarf-with-dsym";
				ENABLE_NS_ASSERTIONS = NO;
				ENABLE_STRICT_OBJC_MSGSEND = YES;
				GCC_C_LANGUAGE_STANDARD = gnu11;
				GCC_NO_COMMON_BLOCKS = YES;
				GCC_WARN_64_TO_32_BIT_CONVERSION = YES;
				GCC_WARN_ABOUT_RETURN_TYPE = YES_ERROR;
				GCC_WARN_UNDECLARED_SELECTOR = YES;
				GCC_WARN_UNINITIALIZED_AUTOS = YES_AGGRESSIVE;
				GCC_WARN_UNUSED_FUNCTION = YES;
				GCC_WARN_UNUSED_VARIABLE = YES;
				IPHONEOS_DEPLOYMENT_TARGET = 16.4;
				MTL_ENABLE_DEBUG_INFO = NO;
				MTL_FAST_MATH = YES;
				SDKROOT = iphoneos;
				SWIFT_COMPILATION_MODE = wholemodule;
				SWIFT_OPTIMIZATION_LEVEL = "-O";
				VALIDATE_PRODUCT = YES;
			};
			name = Release;
		};
		BE647D5C2A652C350013185A /* Debug */ = {
			isa = XCBuildConfiguration;
			buildSettings = {
				ASSETCATALOG_COMPILER_APPICON_NAME = AppIcon;
				ASSETCATALOG_COMPILER_GLOBAL_ACCENT_COLOR_NAME = AccentColor;
				ASSETCATALOG_COMPILER_INCLUDE_ALL_APPICON_ASSETS = YES;
				CODE_SIGN_ENTITLEMENTS = singl/singl.entitlements;
				CODE_SIGN_IDENTITY = "Apple Development";
				CODE_SIGN_STYLE = Automatic;
				CURRENT_PROJECT_VERSION = 1;
				DEVELOPMENT_ASSET_PATHS = "";
				DEVELOPMENT_TEAM = 4C2ZJ8RVF3;
				ENABLE_PREVIEWS = YES;
				GENERATE_INFOPLIST_FILE = YES;
				INFOPLIST_FILE = singl/Info.plist;
				INFOPLIST_KEY_CFBundleDisplayName = SingL;
				INFOPLIST_KEY_LSApplicationCategoryType = "public.app-category.education";
				INFOPLIST_KEY_NSAppleMusicUsageDescription = "Your usage description here";
				INFOPLIST_KEY_NSMicrophoneUsageDescription = "";
				INFOPLIST_KEY_UIApplicationSceneManifest_Generation = YES;
				INFOPLIST_KEY_UIApplicationSupportsIndirectInputEvents = YES;
				INFOPLIST_KEY_UILaunchScreen_Generation = YES;
				INFOPLIST_KEY_UIStatusBarStyle = "";
				INFOPLIST_KEY_UISupportedInterfaceOrientations = UIInterfaceOrientationPortrait;
				INFOPLIST_KEY_UISupportedInterfaceOrientations_iPad = "UIInterfaceOrientationLandscapeLeft UIInterfaceOrientationLandscapeRight UIInterfaceOrientationPortrait UIInterfaceOrientationPortraitUpsideDown";
				IPHONEOS_DEPLOYMENT_TARGET = 16.2;
				LD_RUNPATH_SEARCH_PATHS = (
					"$(inherited)",
					"@executable_path/Frameworks",
				);
				MARKETING_VERSION = 1.0;
				PRODUCT_BUNDLE_IDENTIFIER = com.amuammarzein.singl;
				PRODUCT_NAME = "$(TARGET_NAME)";
				PROVISIONING_PROFILE_SPECIFIER = "";
				SUPPORTED_PLATFORMS = "iphoneos iphonesimulator";
				SUPPORTS_MACCATALYST = NO;
				SUPPORTS_MAC_DESIGNED_FOR_IPHONE_IPAD = NO;
				SWIFT_EMIT_LOC_STRINGS = YES;
				SWIFT_VERSION = 5.0;
				TARGETED_DEVICE_FAMILY = 1;
			};
			name = Debug;
		};
		BE647D5D2A652C350013185A /* Release */ = {
			isa = XCBuildConfiguration;
			buildSettings = {
				ASSETCATALOG_COMPILER_APPICON_NAME = AppIcon;
				ASSETCATALOG_COMPILER_GLOBAL_ACCENT_COLOR_NAME = AccentColor;
				ASSETCATALOG_COMPILER_INCLUDE_ALL_APPICON_ASSETS = YES;
				CODE_SIGN_ENTITLEMENTS = singl/singl.entitlements;
				CODE_SIGN_IDENTITY = "Apple Development";
				CODE_SIGN_STYLE = Automatic;
				CURRENT_PROJECT_VERSION = 1;
				DEVELOPMENT_ASSET_PATHS = "";
				DEVELOPMENT_TEAM = 4C2ZJ8RVF3;
				ENABLE_PREVIEWS = YES;
				GENERATE_INFOPLIST_FILE = YES;
				INFOPLIST_FILE = singl/Info.plist;
				INFOPLIST_KEY_CFBundleDisplayName = SingL;
				INFOPLIST_KEY_LSApplicationCategoryType = "public.app-category.education";
				INFOPLIST_KEY_NSAppleMusicUsageDescription = "Your usage description here";
				INFOPLIST_KEY_NSMicrophoneUsageDescription = "";
				INFOPLIST_KEY_UIApplicationSceneManifest_Generation = YES;
				INFOPLIST_KEY_UIApplicationSupportsIndirectInputEvents = YES;
				INFOPLIST_KEY_UILaunchScreen_Generation = YES;
				INFOPLIST_KEY_UIStatusBarStyle = "";
				INFOPLIST_KEY_UISupportedInterfaceOrientations = UIInterfaceOrientationPortrait;
				INFOPLIST_KEY_UISupportedInterfaceOrientations_iPad = "UIInterfaceOrientationLandscapeLeft UIInterfaceOrientationLandscapeRight UIInterfaceOrientationPortrait UIInterfaceOrientationPortraitUpsideDown";
				IPHONEOS_DEPLOYMENT_TARGET = 16.2;
				LD_RUNPATH_SEARCH_PATHS = (
					"$(inherited)",
					"@executable_path/Frameworks",
				);
				MARKETING_VERSION = 1.0;
				PRODUCT_BUNDLE_IDENTIFIER = com.amuammarzein.singl;
				PRODUCT_NAME = "$(TARGET_NAME)";
				PROVISIONING_PROFILE_SPECIFIER = "";
				SUPPORTED_PLATFORMS = "iphoneos iphonesimulator";
				SUPPORTS_MACCATALYST = NO;
				SUPPORTS_MAC_DESIGNED_FOR_IPHONE_IPAD = NO;
				SWIFT_EMIT_LOC_STRINGS = YES;
				SWIFT_VERSION = 5.0;
				TARGETED_DEVICE_FAMILY = 1;
			};
			name = Release;
		};
/* End XCBuildConfiguration section */

/* Begin XCConfigurationList section */
		BE647D482A652C340013185A /* Build configuration list for PBXProject "singl" */ = {
			isa = XCConfigurationList;
			buildConfigurations = (
				BE647D592A652C350013185A /* Debug */,
				BE647D5A2A652C350013185A /* Release */,
			);
			defaultConfigurationIsVisible = 0;
			defaultConfigurationName = Release;
		};
		BE647D5B2A652C350013185A /* Build configuration list for PBXNativeTarget "singl" */ = {
			isa = XCConfigurationList;
			buildConfigurations = (
				BE647D5C2A652C350013185A /* Debug */,
				BE647D5D2A652C350013185A /* Release */,
			);
			defaultConfigurationIsVisible = 0;
			defaultConfigurationName = Release;
		};
/* End XCConfigurationList section */

/* Begin XCRemoteSwiftPackageReference section */
		BE647D5E2A652C830013185A /* XCRemoteSwiftPackageReference "AudioKit" */ = {
			isa = XCRemoteSwiftPackageReference;
			repositoryURL = "https://github.com/AudioKit/AudioKit.git";
			requirement = {
				kind = exactVersion;
				version = 5.6.1;
			};
		};
		BE647D612A652C9F0013185A /* XCRemoteSwiftPackageReference "SoundpipeAudioKit" */ = {
			isa = XCRemoteSwiftPackageReference;
			repositoryURL = "https://github.com/AudioKit/SoundpipeAudioKit.git";
			requirement = {
				kind = exactVersion;
				version = 5.6.1;
			};
		};
		BE647D642A652CB30013185A /* XCRemoteSwiftPackageReference "AudioKitUI" */ = {
			isa = XCRemoteSwiftPackageReference;
			repositoryURL = "https://github.com/AudioKit/AudioKitUI.git";
			requirement = {
				kind = exactVersion;
				version = 0.3.5;
			};
		};
		BE647D672A652CBE0013185A /* XCRemoteSwiftPackageReference "AudioKitEX" */ = {
			isa = XCRemoteSwiftPackageReference;
			repositoryURL = "https://github.com/AudioKit/AudioKitEX.git";
			requirement = {
				kind = exactVersion;
				version = 5.6.0;
			};
		};
		BED2D7412A6A7B2500C033DB /* XCRemoteSwiftPackageReference "Keyboard" */ = {
			isa = XCRemoteSwiftPackageReference;
			repositoryURL = "https://github.com/AudioKit/Keyboard.git";
			requirement = {
				kind = exactVersion;
				version = 1.3.6;
			};
		};
/* End XCRemoteSwiftPackageReference section */

/* Begin XCSwiftPackageProductDependency section */
		BE647D5F2A652C830013185A /* AudioKit */ = {
			isa = XCSwiftPackageProductDependency;
			package = BE647D5E2A652C830013185A /* XCRemoteSwiftPackageReference "AudioKit" */;
			productName = AudioKit;
		};
		BE647D622A652C9F0013185A /* SoundpipeAudioKit */ = {
			isa = XCSwiftPackageProductDependency;
			package = BE647D612A652C9F0013185A /* XCRemoteSwiftPackageReference "SoundpipeAudioKit" */;
			productName = SoundpipeAudioKit;
		};
		BE647D652A652CB30013185A /* AudioKitUI */ = {
			isa = XCSwiftPackageProductDependency;
			package = BE647D642A652CB30013185A /* XCRemoteSwiftPackageReference "AudioKitUI" */;
			productName = AudioKitUI;
		};
		BE647D682A652CBE0013185A /* AudioKitEX */ = {
			isa = XCSwiftPackageProductDependency;
			package = BE647D672A652CBE0013185A /* XCRemoteSwiftPackageReference "AudioKitEX" */;
			productName = AudioKitEX;
		};
		BED2D7422A6A7B2500C033DB /* Keyboard */ = {
			isa = XCSwiftPackageProductDependency;
			package = BED2D7412A6A7B2500C033DB /* XCRemoteSwiftPackageReference "Keyboard" */;
			productName = Keyboard;
		};
/* End XCSwiftPackageProductDependency section */
	};
	rootObject = BE647D452A652C340013185A /* Project object */;
}
